{
  "requires": true,
  "lockfileVersion": 1,
  "dependencies": {
    "react-virtualized-auto-sizer": {
      "version": "1.0.1",
      "resolved": "https://registry.npmjs.org/react-virtualized-auto-sizer/-/react-virtualized-auto-sizer-1.0.1.tgz",
      "integrity": "sha512-FWfyI4kk0L3/pcRMA1YQDZzIBbIcuSN1gryWqMN6GhgRBSiLg8zPH7muOyjmk0bHtFsN1L6nDb8NmRLEzPKx6A=="
    }
  }
}
